// !$*UTF8*$!
{
	archiveVersion = 1;
	classes = {
	};
	objectVersion = 56;
	objects = {

/* Begin PBXBuildFile section */
		1AC15FA42A00ABF9005524EC /* SingleDiameterViewController.swift in Sources */ = {isa = PBXBuildFile; fileRef = 1AC15FA32A00ABF9005524EC /* SingleDiameterViewController.swift */; };
		1AC15FA62A00ACCE005524EC /* StepDownViewController.swift in Sources */ = {isa = PBXBuildFile; fileRef = 1AC15FA52A00ACCE005524EC /* StepDownViewController.swift */; };
		1AC15FA82A00AD06005524EC /* DeckGunsViewController.swift in Sources */ = {isa = PBXBuildFile; fileRef = 1AC15FA72A00AD06005524EC /* DeckGunsViewController.swift */; };
		1ACADA1F2A0083EA00DD0381 /* AppDelegate.swift in Sources */ = {isa = PBXBuildFile; fileRef = 1ACADA1E2A0083EA00DD0381 /* AppDelegate.swift */; };
		1ACADA212A0083EA00DD0381 /* SceneDelegate.swift in Sources */ = {isa = PBXBuildFile; fileRef = 1ACADA202A0083EA00DD0381 /* SceneDelegate.swift */; };
		1ACADA232A0083EA00DD0381 /* ViewController.swift in Sources */ = {isa = PBXBuildFile; fileRef = 1ACADA222A0083EA00DD0381 /* ViewController.swift */; };
		1ACADA262A0083EA00DD0381 /* Main.storyboard in Resources */ = {isa = PBXBuildFile; fileRef = 1ACADA242A0083EA00DD0381 /* Main.storyboard */; };
		1ACADA282A0083F100DD0381 /* Assets.xcassets in Resources */ = {isa = PBXBuildFile; fileRef = 1ACADA272A0083F100DD0381 /* Assets.xcassets */; };
		1ACADA2B2A0083F100DD0381 /* LaunchScreen.storyboard in Resources */ = {isa = PBXBuildFile; fileRef = 1ACADA292A0083F100DD0381 /* LaunchScreen.storyboard */; };
/* End PBXBuildFile section */

/* Begin PBXFileReference section */
		1AC15FA32A00ABF9005524EC /* SingleDiameterViewController.swift */ = {isa = PBXFileReference; lastKnownFileType = sourcecode.swift; path = SingleDiameterViewController.swift; sourceTree = "<group>"; };
		1AC15FA52A00ACCE005524EC /* StepDownViewController.swift */ = {isa = PBXFileReference; lastKnownFileType = sourcecode.swift; path = StepDownViewController.swift; sourceTree = "<group>"; };
		1AC15FA72A00AD06005524EC /* DeckGunsViewController.swift */ = {isa = PBXFileReference; lastKnownFileType = sourcecode.swift; path = DeckGunsViewController.swift; sourceTree = "<group>"; };
		1ACADA1B2A0083EA00DD0381 /* hoselines.app */ = {isa = PBXFileReference; explicitFileType = wrapper.application; includeInIndex = 0; path = hoselines.app; sourceTree = BUILT_PRODUCTS_DIR; };
		1ACADA1E2A0083EA00DD0381 /* AppDelegate.swift */ = {isa = PBXFileReference; lastKnownFileType = sourcecode.swift; path = AppDelegate.swift; sourceTree = "<group>"; };
		1ACADA202A0083EA00DD0381 /* SceneDelegate.swift */ = {isa = PBXFileReference; lastKnownFileType = sourcecode.swift; path = SceneDelegate.swift; sourceTree = "<group>"; };
		1ACADA222A0083EA00DD0381 /* ViewController.swift */ = {isa = PBXFileReference; lastKnownFileType = sourcecode.swift; path = ViewController.swift; sourceTree = "<group>"; };
		1ACADA252A0083EA00DD0381 /* Base */ = {isa = PBXFileReference; lastKnownFileType = file.storyboard; name = Base; path = Base.lproj/Main.storyboard; sourceTree = "<group>"; };
		1ACADA272A0083F100DD0381 /* Assets.xcassets */ = {isa = PBXFileReference; lastKnownFileType = folder.assetcatalog; path = Assets.xcassets; sourceTree = "<group>"; };
		1ACADA2A2A0083F100DD0381 /* Base */ = {isa = PBXFileReference; lastKnownFileType = file.storyboard; name = Base; path = Base.lproj/LaunchScreen.storyboard; sourceTree = "<group>"; };
		1ACADA2C2A0083F100DD0381 /* Info.plist */ = {isa = PBXFileReference; lastKnownFileType = text.plist.xml; path = Info.plist; sourceTree = "<group>"; };
/* End PBXFileReference section */

/* Begin PBXFrameworksBuildPhase section */
		1ACADA182A0083EA00DD0381 /* Frameworks */ = {
			isa = PBXFrameworksBuildPhase;
			buildActionMask = 2147483647;
			files = (
			);
			runOnlyForDeploymentPostprocessing = 0;
		};
/* End PBXFrameworksBuildPhase section */

/* Begin PBXGroup section */
		1ACADA122A0083EA00DD0381 = {
			isa = PBXGroup;
			children = (
				1ACADA1D2A0083EA00DD0381 /* hoselines */,
				1ACADA1C2A0083EA00DD0381 /* Products */,
			);
			sourceTree = "<group>";
		};
		1ACADA1C2A0083EA00DD0381 /* Products */ = {
			isa = PBXGroup;
			children = (
				1ACADA1B2A0083EA00DD0381 /* hoselines.app */,
			);
			name = Products;
			sourceTree = "<group>";
		};
		1ACADA1D2A0083EA00DD0381 /* hoselines */ = {
			isa = PBXGroup;
			children = (
				1ACADA1E2A0083EA00DD0381 /* AppDelegate.swift */,
				1ACADA202A0083EA00DD0381 /* SceneDelegate.swift */,
				1ACADA222A0083EA00DD0381 /* ViewController.swift */,
				1ACADA242A0083EA00DD0381 /* Main.storyboard */,
				1ACADA272A0083F100DD0381 /* Assets.xcassets */,
				1ACADA292A0083F100DD0381 /* LaunchScreen.storyboard */,
				1ACADA2C2A0083F100DD0381 /* Info.plist */,
				1AC15FA32A00ABF9005524EC /* SingleDiameterViewController.swift */,
				1AC15FA52A00ACCE005524EC /* StepDownViewController.swift */,
				1AC15FA72A00AD06005524EC /* DeckGunsViewController.swift */,
			);
			path = hoselines;
			sourceTree = "<group>";
		};
/* End PBXGroup section */

/* Begin PBXNativeTarget section */
		1ACADA1A2A0083EA00DD0381 /* hoselines */ = {
			isa = PBXNativeTarget;
			buildConfigurationList = 1ACADA2F2A0083F100DD0381 /* Build configuration list for PBXNativeTarget "hoselines" */;
			buildPhases = (
				1ACADA172A0083EA00DD0381 /* Sources */,
				1ACADA182A0083EA00DD0381 /* Frameworks */,
				1ACADA192A0083EA00DD0381 /* Resources */,
			);
			buildRules = (
			);
			dependencies = (
			);
			name = hoselines;
			productName = hoselines;
			productReference = 1ACADA1B2A0083EA00DD0381 /* hoselines.app */;
			productType = "com.apple.product-type.application";
		};
/* End PBXNativeTarget section */

/* Begin PBXProject section */
		1ACADA132A0083EA00DD0381 /* Project object */ = {
			isa = PBXProject;
			attributes = {
				BuildIndependentTargetsInParallel = 1;
				LastSwiftUpdateCheck = 1430;
				LastUpgradeCheck = 1430;
				TargetAttributes = {
					1ACADA1A2A0083EA00DD0381 = {
						CreatedOnToolsVersion = 14.3;
					};
				};
			};
			buildConfigurationList = 1ACADA162A0083EA00DD0381 /* Build configuration list for PBXProject "hoselines" */;
			compatibilityVersion = "Xcode 14.0";
			developmentRegion = en;
			hasScannedForEncodings = 0;
			knownRegions = (
				en,
				Base,
			);
			mainGroup = 1ACADA122A0083EA00DD0381;
			productRefGroup = 1ACADA1C2A0083EA00DD0381 /* Products */;
			projectDirPath = "";
			projectRoot = "";
			targets = (
				1ACADA1A2A0083EA00DD0381 /* hoselines */,
			);
		};
/* End PBXProject section */

/* Begin PBXResourcesBuildPhase section */
		1ACADA192A0083EA00DD0381 /* Resources */ = {
			isa = PBXResourcesBuildPhase;
			buildActionMask = 2147483647;
			files = (
				1ACADA2B2A0083F100DD0381 /* LaunchScreen.storyboard in Resources */,
				1ACADA282A0083F100DD0381 /* Assets.xcassets in Resources */,
				1ACADA262A0083EA00DD0381 /* Main.storyboard in Resources */,
			);
			runOnlyForDeploymentPostprocessing = 0;
		};
/* End PBXResourcesBuildPhase section */

/* Begin PBXSourcesBuildPhase section */
		1ACADA172A0083EA00DD0381 /* Sources */ = {
			isa = PBXSourcesBuildPhase;
			buildActionMask = 2147483647;
			files = (
				1AC15FA82A00AD06005524EC /* DeckGunsViewController.swift in Sources */,
				1ACADA232A0083EA00DD0381 /* ViewController.swift in Sources */,
				1AC15FA42A00ABF9005524EC /* SingleDiameterViewController.swift in Sources */,
				1ACADA1F2A0083EA00DD0381 /* AppDelegate.swift in Sources */,
				1AC15FA62A00ACCE005524EC /* StepDownViewController.swift in Sources */,
				1ACADA212A0083EA00DD0381 /* SceneDelegate.swift in Sources */,
			);
			runOnlyForDeploymentPostprocessing = 0;
		};
/* End PBXSourcesBuildPhase section */

/* Begin PBXVariantGroup section */
		1ACADA242A0083EA00DD0381 /* Main.storyboard */ = {
			isa = PBXVariantGroup;
			children = (
				1ACADA252A0083EA00DD0381 /* Base */,
			);
			name = Main.storyboard;
			sourceTree = "<group>";
		};
		1ACADA292A0083F100DD0381 /* LaunchScreen.storyboard */ = {
			isa = PBXVariantGroup;
			children = (
				1ACADA2A2A0083F100DD0381 /* Base */,
			);
			name = LaunchScreen.storyboard;
			sourceTree = "<group>";
		};
/* End PBXVariantGroup section */

/* Begin XCBuildConfiguration section */
		1ACADA2D2A0083F100DD0381 /* Debug */ = {
			isa = XCBuildConfiguration;
			buildSettings = {
				ALWAYS_SEARCH_USER_PATHS = NO;
				CLANG_ANALYZER_NONNULL = YES;
				CLANG_ANALYZER_NUMBER_OBJECT_CONVERSION = YES_AGGRESSIVE;
				CLANG_CXX_LANGUAGE_STANDARD = "gnu++20";
				CLANG_ENABLE_MODULES = YES;
				CLANG_ENABLE_OBJC_ARC = YES;
				CLANG_ENABLE_OBJC_WEAK = YES;
				CLANG_WARN_BLOCK_CAPTURE_AUTORELEASING = YES;
				CLANG_WARN_BOOL_CONVERSION = YES;
				CLANG_WARN_COMMA = YES;
				CLANG_WARN_CONSTANT_CONVERSION = YES;
				CLANG_WARN_DEPRECATED_OBJC_IMPLEMENTATIONS = YES;
				CLANG_WARN_DIRECT_OBJC_ISA_USAGE = YES_ERROR;
				CLANG_WARN_DOCUMENTATION_COMMENTS = YES;
				CLANG_WARN_EMPTY_BODY = YES;
				CLANG_WARN_ENUM_CONVERSION = YES;
				CLANG_WARN_INFINITE_RECURSION = YES;
				CLANG_WARN_INT_CONVERSION = YES;
				CLANG_WARN_NON_LITERAL_NULL_CONVERSION = YES;
				CLANG_WARN_OBJC_IMPLICIT_RETAIN_SELF = YES;
				CLANG_WARN_OBJC_LITERAL_CONVERSION = YES;
				CLANG_WARN_OBJC_ROOT_CLASS = YES_ERROR;
				CLANG_WARN_QUOTED_INCLUDE_IN_FRAMEWORK_HEADER = YES;
				CLANG_WARN_RANGE_LOOP_ANALYSIS = YES;
				CLANG_WARN_STRICT_PROTOTYPES = YES;
				CLANG_WARN_SUSPICIOUS_MOVE = YES;
				CLANG_WARN_UNGUARDED_AVAILABILITY = YES_AGGRESSIVE;
				CLANG_WARN_UNREACHABLE_CODE = YES;
				CLANG_WARN__DUPLICATE_METHOD_MATCH = YES;
				COPY_PHASE_STRIP = NO;
				DEBUG_INFORMATION_FORMAT = dwarf;
				ENABLE_STRICT_OBJC_MSGSEND = YES;
				ENABLE_TESTABILITY = YES;
				GCC_C_LANGUAGE_STANDARD = gnu11;
				GCC_DYNAMIC_NO_PIC = NO;
				GCC_NO_COMMON_BLOCKS = YES;
				GCC_OPTIMIZATION_LEVEL = 0;
				GCC_PREPROCESSOR_DEFINITIONS = (
					"DEBUG=1",
					"$(inherited)",
				);
				GCC_WARN_64_TO_32_BIT_CONVERSION = YES;
				GCC_WARN_ABOUT_RETURN_TYPE = YES_ERROR;
				GCC_WARN_UNDECLARED_SELECTOR = YES;
				GCC_WARN_UNINITIALIZED_AUTOS = YES_AGGRESSIVE;
				GCC_WARN_UNUSED_FUNCTION = YES;
				GCC_WARN_UNUSED_VARIABLE = YES;
				IPHONEOS_DEPLOYMENT_TARGET = 16.4;
				MTL_ENABLE_DEBUG_INFO = INCLUDE_SOURCE;
				MTL_FAST_MATH = YES;
				ONLY_ACTIVE_ARCH = YES;
				SDKROOT = iphoneos;
				SWIFT_ACTIVE_COMPILATION_CONDITIONS = DEBUG;
				SWIFT_OPTIMIZATION_LEVEL = "-Onone";
			};
			name = Debug;
		};
		1ACADA2E2A0083F100DD0381 /* Release */ = {
			isa = XCBuildConfiguration;
			buildSettings = {
				ALWAYS_SEARCH_USER_PATHS = NO;
				CLANG_ANALYZER_NONNULL = YES;
				CLANG_ANALYZER_NUMBER_OBJECT_CONVERSION = YES_AGGRESSIVE;
				CLANG_CXX_LANGUAGE_STANDARD = "gnu++20";
				CLANG_ENABLE_MODULES = YES;
				CLANG_ENABLE_OBJC_ARC = YES;
				CLANG_ENABLE_OBJC_WEAK = YES;
				CLANG_WARN_BLOCK_CAPTURE_AUTORELEASING = YES;
				CLANG_WARN_BOOL_CONVERSION = YES;
				CLANG_WARN_COMMA = YES;
				CLANG_WARN_CONSTANT_CONVERSION = YES;
				CLANG_WARN_DEPRECATED_OBJC_IMPLEMENTATIONS = YES;
				CLANG_WARN_DIRECT_OBJC_ISA_USAGE = YES_ERROR;
				CLANG_WARN_DOCUMENTATION_COMMENTS = YES;
				CLANG_WARN_EMPTY_BODY = YES;
				CLANG_WARN_ENUM_CONVERSION = YES;
				CLANG_WARN_INFINITE_RECURSION = YES;
				CLANG_WARN_INT_CONVERSION = YES;
				CLANG_WARN_NON_LITERAL_NULL_CONVERSION = YES;
				CLANG_WARN_OBJC_IMPLICIT_RETAIN_SELF = YES;
				CLANG_WARN_OBJC_LITERAL_CONVERSION = YES;
				CLANG_WARN_OBJC_ROOT_CLASS = YES_ERROR;
				CLANG_WARN_QUOTED_INCLUDE_IN_FRAMEWORK_HEADER = YES;
				CLANG_WARN_RANGE_LOOP_ANALYSIS = YES;
				CLANG_WARN_STRICT_PROTOTYPES = YES;
				CLANG_WARN_SUSPICIOUS_MOVE = YES;
				CLANG_WARN_UNGUARDED_AVAILABILITY = YES_AGGRESSIVE;
				CLANG_WARN_UNREACHABLE_CODE = YES;
				CLANG_WARN__DUPLICATE_METHOD_MATCH = YES;
				COPY_PHASE_STRIP = NO;
				DEBUG_INFORMATION_FORMAT = "dwarf-with-dsym";
				ENABLE_NS_ASSERTIONS = NO;
				ENABLE_STRICT_OBJC_MSGSEND = YES;
				GCC_C_LANGUAGE_STANDARD = gnu11;
				GCC_NO_COMMON_BLOCKS = YES;
				GCC_WARN_64_TO_32_BIT_CONVERSION = YES;
				GCC_WARN_ABOUT_RETURN_TYPE = YES_ERROR;
				GCC_WARN_UNDECLARED_SELECTOR = YES;
				GCC_WARN_UNINITIALIZED_AUTOS = YES_AGGRESSIVE;
				GCC_WARN_UNUSED_FUNCTION = YES;
				GCC_WARN_UNUSED_VARIABLE = YES;
				IPHONEOS_DEPLOYMENT_TARGET = 16.4;
				MTL_ENABLE_DEBUG_INFO = NO;
				MTL_FAST_MATH = YES;
				SDKROOT = iphoneos;
				SWIFT_COMPILATION_MODE = wholemodule;
				SWIFT_OPTIMIZATION_LEVEL = "-O";
				VALIDATE_PRODUCT = YES;
			};
			name = Release;
		};
		1ACADA302A0083F100DD0381 /* Debug */ = {
			isa = XCBuildConfiguration;
			buildSettings = {
				ASSETCATALOG_COMPILER_APPICON_NAME = AppIcon;
				ASSETCATALOG_COMPILER_GLOBAL_ACCENT_COLOR_NAME = AccentColor;
				CODE_SIGN_STYLE = Automatic;
				CURRENT_PROJECT_VERSION = 1;
				DEVELOPMENT_TEAM = D939MTKB3W;
				GENERATE_INFOPLIST_FILE = YES;
				INFOPLIST_FILE = hoselines/Info.plist;
				INFOPLIST_KEY_UIApplicationSupportsIndirectInputEvents = YES;
				INFOPLIST_KEY_UILaunchStoryboardName = LaunchScreen;
				INFOPLIST_KEY_UIMainStoryboardFile = Main;
				INFOPLIST_KEY_UISupportedInterfaceOrientations_iPad = "UIInterfaceOrientationPortrait UIInterfaceOrientationPortraitUpsideDown UIInterfaceOrientationLandscapeLeft UIInterfaceOrientationLandscapeRight";
				INFOPLIST_KEY_UISupportedInterfaceOrientations_iPhone = "UIInterfaceOrientationPortrait UIInterfaceOrientationLandscapeLeft UIInterfaceOrientationLandscapeRight";
				LD_RUNPATH_SEARCH_PATHS = (
					"$(inherited)",
					"@executable_path/Frameworks",
				);
				MARKETING_VERSION = 1.0;
				PRODUCT_BUNDLE_IDENTIFIER = com.spencerlonghurst.hoselines;
				PRODUCT_NAME = "$(TARGET_NAME)";
				SWIFT_EMIT_LOC_STRINGS = YES;
				SWIFT_VERSION = 5.0;
				TARGETED_DEVICE_FAMILY = "1,2";
			};
			name = Debug;
		};
		1ACADA312A0083F100DD0381 /* Release */ = {
			isa = XCBuildConfiguration;
			buildSettings = {
				ASSETCATALOG_COMPILER_APPICON_NAME = AppIcon;
				ASSETCATALOG_COMPILER_GLOBAL_ACCENT_COLOR_NAME = AccentColor;
				CODE_SIGN_STYLE = Automatic;
				CURRENT_PROJECT_VERSION = 1;
				DEVELOPMENT_TEAM = D939MTKB3W;
				GENERATE_INFOPLIST_FILE = YES;
				INFOPLIST_FILE = hoselines/Info.plist;
				INFOPLIST_KEY_UIApplicationSupportsIndirectInputEvents = YES;
				INFOPLIST_KEY_UILaunchStoryboardName = LaunchScreen;
				INFOPLIST_KEY_UIMainStoryboardFile = Main;
				INFOPLIST_KEY_UISupportedInterfaceOrientations_iPad = "UIInterfaceOrientationPortrait UIInterfaceOrientationPortraitUpsideDown UIInterfaceOrientationLandscapeLeft UIInterfaceOrientationLandscapeRight";
				INFOPLIST_KEY_UISupportedInterfaceOrientations_iPhone = "UIInterfaceOrientationPortrait UIInterfaceOrientationLandscapeLeft UIInterfaceOrientationLandscapeRight";
				LD_RUNPATH_SEARCH_PATHS = (
					"$(inherited)",
					"@executable_path/Frameworks",
				);
				MARKETING_VERSION = 1.0;
				PRODUCT_BUNDLE_IDENTIFIER = com.spencerlonghurst.hoselines;
				PRODUCT_NAME = "$(TARGET_NAME)";
				SWIFT_EMIT_LOC_STRINGS = YES;
				SWIFT_VERSION = 5.0;
				TARGETED_DEVICE_FAMILY = "1,2";
			};
			name = Release;
		};
/* End XCBuildConfiguration section */

/* Begin XCConfigurationList section */
		1ACADA162A0083EA00DD0381 /* Build configuration list for PBXProject "hoselines" */ = {
			isa = XCConfigurationList;
			buildConfigurations = (
				1ACADA2D2A0083F100DD0381 /* Debug */,
				1ACADA2E2A0083F100DD0381 /* Release */,
			);
			defaultConfigurationIsVisible = 0;
			defaultConfigurationName = Release;
		};
		1ACADA2F2A0083F100DD0381 /* Build configuration list for PBXNativeTarget "hoselines" */ = {
			isa = XCConfigurationList;
			buildConfigurations = (
				1ACADA302A0083F100DD0381 /* Debug */,
				1ACADA312A0083F100DD0381 /* Release */,
			);
			defaultConfigurationIsVisible = 0;
			defaultConfigurationName = Release;
		};
/* End XCConfigurationList section */
	};
	rootObject = 1ACADA132A0083EA00DD0381 /* Project object */;
}
